
Microsoft Visual Studio Solution File, Format Version 12.00
Project("{FAE04EC0-301F-11D3-BF4B-00C04F79EFBC}") = "2DPhysicsEngine", "2DPhysicsEngine\2DPhysicsEngine.csproj", "{1CF2878D-A742-4324-A600-E14464638A24}"
EndProject
Project("{FAE04EC0-301F-11D3-BF4B-00C04F79EFBC}") = "2DPhysicsEngineTest", "2DPhysicsEngineTest\2DPhysicsEngineTest.csproj", "{A44C208C-99C5-4B4F-87B4-8F72BE382701}"
EndProject
Global
	GlobalSection(SolutionConfigurationPlatforms) = preSolution
		Debug|Any CPU = Debug|Any CPU
		Release|Any CPU = Release|Any CPU
	EndGlobalSection
	GlobalSection(ProjectConfigurationPlatforms) = postSolution
		{1CF2878D-A742-4324-A600-E14464638A24}.Debug|Any CPU.ActiveCfg = Debug|Any CPU
		{1CF2878D-A742-4324-A600-E14464638A24}.Debug|Any CPU.Build.0 = Debug|Any CPU
		{1CF2878D-A742-4324-A600-E14464638A24}.Release|Any CPU.ActiveCfg = Release|Any CPU
		{1CF2878D-A742-4324-A600-E14464638A24}.Release|Any CPU.Build.0 = Release|Any CPU
		{A44C208C-99C5-4B4F-87B4-8F72BE382701}.Debug|Any CPU.ActiveCfg = Debug|Any CPU
		{A44C208C-99C5-4B4F-87B4-8F72BE382701}.Debug|Any CPU.Build.0 = Debug|Any CPU
		{A44C208C-99C5-4B4F-87B4-8F72BE382701}.Release|Any CPU.ActiveCfg = Release|Any CPU
		{A44C208C-99C5-4B4F-87B4-8F72BE382701}.Release|Any CPU.Build.0 = Release|Any CPU
	EndGlobalSection
EndGlobal
